
Microsoft Visual Studio Solution File, Format Version 12.00
# Visual Studio Version 17
VisualStudioVersion = 17.8.34525.116
MinimumVisualStudioVersion = 10.0.40219.1
Project("{FAE04EC0-301F-11D3-BF4B-00C04F79EFBC}") = "BookStore.App", "BookStore.App\BookStore.App.csproj", "{2E981541-B2BD-4408-988B-91F61A01508C}"
EndProject
Global
	GlobalSection(SolutionConfigurationPlatforms) = preSolution
		Debug|Any CPU = Debug|Any CPU
		Release|Any CPU = Release|Any CPU
	EndGlobalSection
	GlobalSection(ProjectConfigurationPlatforms) = postSolution
		{2E981541-B2BD-4408-988B-91F61A01508C}.Debug|Any CPU.ActiveCfg = Debug|Any CPU
		{2E981541-B2BD-4408-988B-91F61A01508C}.Debug|Any CPU.Build.0 = Debug|Any CPU
		{2E981541-B2BD-4408-988B-91F61A01508C}.Release|Any CPU.ActiveCfg = Release|Any CPU
		{2E981541-B2BD-4408-988B-91F61A01508C}.Release|Any CPU.Build.0 = Release|Any CPU
	EndGlobalSection
	GlobalSection(SolutionProperties) = preSolution
		HideSolutionNode = FALSE
	EndGlobalSection
	GlobalSection(ExtensibilityGlobals) = postSolution
		SolutionGuid = {A966B325-6A15-4BDC-A2F3-C983F2E203DD}
	EndGlobalSection
EndGlobal
